
Microsoft Visual Studio Solution File, Format Version 12.00
# Visual Studio Version 16
VisualStudioVersion = 16.0.30611.23
MinimumVisualStudioVersion = 10.0.40219.1
Project("{9A19103F-16F7-4668-BE54-9A1E7A4F7556}") = "Rock_Paper_Scissors_Code", "Rock_Paper_Scissors_Code\Rock_Paper_Scissors_Code.csproj", "{16ED07FE-3BF2-44C9-8434-3645D0419DB5}"
EndProject
Project("{9A19103F-16F7-4668-BE54-9A1E7A4F7556}") = "Rock_Paper_Scissors_WPF", "Rock_Paper_Scissors_WPF\Rock_Paper_Scissors_WPF.csproj", "{7E78B264-F9B0-4338-83D1-E328F2103F9F}"
EndProject
Project("{9A19103F-16F7-4668-BE54-9A1E7A4F7556}") = "Rock_Paper_Scissors_Tests", "Rock_Paper_Scissors_Tests\Rock_Paper_Scissors_Tests.csproj", "{C5A39479-8A05-4D32-81D8-650534471F86}"
EndProject
Global
	GlobalSection(SolutionConfigurationPlatforms) = preSolution
		Debug|Any CPU = Debug|Any CPU
		Release|Any CPU = Release|Any CPU
	EndGlobalSection
	GlobalSection(ProjectConfigurationPlatforms) = postSolution
		{16ED07FE-3BF2-44C9-8434-3645D0419DB5}.Debug|Any CPU.ActiveCfg = Debug|Any CPU
		{16ED07FE-3BF2-44C9-8434-3645D0419DB5}.Debug|Any CPU.Build.0 = Debug|Any CPU
		{16ED07FE-3BF2-44C9-8434-3645D0419DB5}.Release|Any CPU.ActiveCfg = Release|Any CPU
		{16ED07FE-3BF2-44C9-8434-3645D0419DB5}.Release|Any CPU.Build.0 = Release|Any CPU
		{7E78B264-F9B0-4338-83D1-E328F2103F9F}.Debug|Any CPU.ActiveCfg = Debug|Any CPU
		{7E78B264-F9B0-4338-83D1-E328F2103F9F}.Debug|Any CPU.Build.0 = Debug|Any CPU
		{7E78B264-F9B0-4338-83D1-E328F2103F9F}.Release|Any CPU.ActiveCfg = Release|Any CPU
		{7E78B264-F9B0-4338-83D1-E328F2103F9F}.Release|Any CPU.Build.0 = Release|Any CPU
		{C5A39479-8A05-4D32-81D8-650534471F86}.Debug|Any CPU.ActiveCfg = Debug|Any CPU
		{C5A39479-8A05-4D32-81D8-650534471F86}.Debug|Any CPU.Build.0 = Debug|Any CPU
		{C5A39479-8A05-4D32-81D8-650534471F86}.Release|Any CPU.ActiveCfg = Release|Any CPU
		{C5A39479-8A05-4D32-81D8-650534471F86}.Release|Any CPU.Build.0 = Release|Any CPU
	EndGlobalSection
	GlobalSection(SolutionProperties) = preSolution
		HideSolutionNode = FALSE
	EndGlobalSection
	GlobalSection(ExtensibilityGlobals) = postSolution
		SolutionGuid = {5AD39C29-4463-41C3-897B-96207B303BAD}
	EndGlobalSection
EndGlobal
